
Microsoft Visual Studio Solution File, Format Version 12.00
# Visual Studio Version 17
VisualStudioVersion = 17.5.002.0
MinimumVisualStudioVersion = 10.0.40219.1
Project("{1CAEE02E-6847-4F72-92BA-DE1E17A2FB18}") = "QuickPurchaseCompany", "QuickPurchaseCompany/QuickPurchaseCompany.csproj", "{7E0D522B-376C-49AA-8EAA-6E513AF7064E}"
EndProject
Global
	GlobalSection(SolutionConfigurationPlatforms) = preSolution
		Debug|Any CPU = Debug|Any CPU
		Release|Any CPU = Release|Any CPU
	EndGlobalSection
	GlobalSection(ProjectConfigurationPlatforms) = postSolution
		{7E0D522B-376C-49AA-8EAA-6E513AF7064E}.Debug|Any CPU.ActiveCfg = Debug|Any CPU
		{7E0D522B-376C-49AA-8EAA-6E513AF7064E}.Debug|Any CPU.Build.0 = Debug|Any CPU
		{7E0D522B-376C-49AA-8EAA-6E513AF7064E}.Release|Any CPU.ActiveCfg = Release|Any CPU
		{7E0D522B-376C-49AA-8EAA-6E513AF7064E}.Release|Any CPU.Build.0 = Release|Any CPU
	EndGlobalSection
	GlobalSection(SolutionProperties) = preSolution
		HideSolutionNode = FALSE
	EndGlobalSection
	GlobalSection(ExtensibilityGlobals) = postSolution
		SolutionGuid = {C8C02BC0-A778-434E-A97C-5ABBFE834A48}
	EndGlobalSection
EndGlobal
